<?xml version="1.0" encoding="utf-8"?>
<Project ToolsVersion="4.0" xmlns="http://schemas.microsoft.com/developer/msbuild/2003">
  <ItemGroup>
    <ClCompile Include="client.cpp">
      <Filter>Source Files</Filter>
    </ClCompile>
    <ClCompile Include="network.grpc.pb.cc">
      <Filter>Source Files</Filter>
    </ClCompile>
    <ClCompile Include="network.pb.cc">
      <Filter>Source Files</Filter>
    </ClCompile>
    <ClCompile Include="server.cpp">
      <Filter>Source Files</Filter>
    </ClCompile>
    <ClCompile Include="tsc.cpp">
      <Filter>Source Files</Filter>
    </ClCompile>
  </ItemGroup>
  <ItemGroup>
    <ClInclude Include="client.h">
      <Filter>Source Files</Filter>
    </ClInclude>
    <ClInclude Include="network.grpc.pb.h">
      <Filter>Source Files</Filter>
    </ClInclude>
    <ClInclude Include="network.pb.h">
      <Filter>Source Files</Filter>
    </ClInclude>
  </ItemGroup>
  <ItemGroup>
    <None Include="Makefile" />
    <None Include="protos\network.proto">
      <Filter>Protocol Buffer Files</Filter>
    </None>
  </ItemGroup>
  <ItemGroup>
    <Filter Include="Source Files">
      <UniqueIdentifier>{5b85941b-a770-405f-9d85-75110af8efd9}</UniqueIdentifier>
    </Filter>
    <Filter Include="Protocol Buffer Files">
      <UniqueIdentifier>{878e6c2c-8ad4-477a-880f-2e046a5a4324}</UniqueIdentifier>
    </Filter>
  </ItemGroup>
</Project>